// !$*UTF8*$!
{
	archiveVersion = 1;
	classes = {
	};
	objectVersion = 56;
	objects = {

/* Begin PBXBuildFile section */
		C80D85EC2983C98100127757 /* UploadTweetViewModel.swift in Sources */ = {isa = PBXBuildFile; fileRef = C80D85EB2983C98100127757 /* UploadTweetViewModel.swift */; };
		C81DF4D82977E32A00466F2C /* UploadTweetController.swift in Sources */ = {isa = PBXBuildFile; fileRef = C81DF4D72977E32A00466F2C /* UploadTweetController.swift */; };
		C81DF4DA2977FA6100466F2C /* InputTextView.swift in Sources */ = {isa = PBXBuildFile; fileRef = C81DF4D92977FA6100466F2C /* InputTextView.swift */; };
		C826B6ED2976640200667813 /* Constants.swift in Sources */ = {isa = PBXBuildFile; fileRef = C826B6EC2976640200667813 /* Constants.swift */; };
		C826B6EF29767C8100667813 /* AuthService.swift in Sources */ = {isa = PBXBuildFile; fileRef = C826B6EE29767C8100667813 /* AuthService.swift */; };
		C84F8D6D2980FF0B00935699 /* TweetController.swift in Sources */ = {isa = PBXBuildFile; fileRef = C84F8D6C2980FF0B00935699 /* TweetController.swift */; };
		C84F8D6F2981156A00935699 /* TweetHeader.swift in Sources */ = {isa = PBXBuildFile; fileRef = C84F8D6E2981156A00935699 /* TweetHeader.swift */; };
		C84FED4B298B67930092C397 /* Notification.swift in Sources */ = {isa = PBXBuildFile; fileRef = C84FED4A298B67930092C397 /* Notification.swift */; };
		C84FED4D298B697C0092C397 /* NotificationService.swift in Sources */ = {isa = PBXBuildFile; fileRef = C84FED4C298B697C0092C397 /* NotificationService.swift */; };
		C84FED4F298BA2D00092C397 /* NotificationCell.swift in Sources */ = {isa = PBXBuildFile; fileRef = C84FED4E298BA2D00092C397 /* NotificationCell.swift */; };
		C85020B92970CB7A0022ACF0 /* MainTabController.swift in Sources */ = {isa = PBXBuildFile; fileRef = C85020B82970CB7A0022ACF0 /* MainTabController.swift */; };
		C85020BB2970CD450022ACF0 /* FeedController.swift in Sources */ = {isa = PBXBuildFile; fileRef = C85020BA2970CD450022ACF0 /* FeedController.swift */; };
		C85020BD2970CD880022ACF0 /* ExploreController.swift in Sources */ = {isa = PBXBuildFile; fileRef = C85020BC2970CD880022ACF0 /* ExploreController.swift */; };
		C85020BF2970CD9A0022ACF0 /* NotificationsController.swift in Sources */ = {isa = PBXBuildFile; fileRef = C85020BE2970CD9A0022ACF0 /* NotificationsController.swift */; };
		C85020C12970CDB00022ACF0 /* ConversationController.swift in Sources */ = {isa = PBXBuildFile; fileRef = C85020C02970CDB00022ACF0 /* ConversationController.swift */; };
		C85C38CE297BD0A4007BFD90 /* ProfileFilterView.swift in Sources */ = {isa = PBXBuildFile; fileRef = C85C38CD297BD0A4007BFD90 /* ProfileFilterView.swift */; };
		C85C38D0297BD2C0007BFD90 /* ProfileFilterCell.swift in Sources */ = {isa = PBXBuildFile; fileRef = C85C38CF297BD2C0007BFD90 /* ProfileFilterCell.swift */; };
		C85C38D2297DFDF7007BFD90 /* ProfileHeaderViewModel.swift in Sources */ = {isa = PBXBuildFile; fileRef = C85C38D1297DFDF7007BFD90 /* ProfileHeaderViewModel.swift */; };
		C85C38D4297E40E6007BFD90 /* UserCell.swift in Sources */ = {isa = PBXBuildFile; fileRef = C85C38D3297E40E6007BFD90 /* UserCell.swift */; };
		C86017AE29710D9800E9FBA1 /* Extensions.swift in Sources */ = {isa = PBXBuildFile; fileRef = C86017AD29710D9800E9FBA1 /* Extensions.swift */; };
		C87D214D2970C62F006A4531 /* AppDelegate.swift in Sources */ = {isa = PBXBuildFile; fileRef = C87D214C2970C62F006A4531 /* AppDelegate.swift */; };
		C87D214F2970C62F006A4531 /* SceneDelegate.swift in Sources */ = {isa = PBXBuildFile; fileRef = C87D214E2970C62F006A4531 /* SceneDelegate.swift */; };
		C87D21542970C62F006A4531 /* Main.storyboard in Resources */ = {isa = PBXBuildFile; fileRef = C87D21522970C62F006A4531 /* Main.storyboard */; };
		C87D21562970C630006A4531 /* Assets.xcassets in Resources */ = {isa = PBXBuildFile; fileRef = C87D21552970C630006A4531 /* Assets.xcassets */; };
		C87D21592970C630006A4531 /* LaunchScreen.storyboard in Resources */ = {isa = PBXBuildFile; fileRef = C87D21572970C630006A4531 /* LaunchScreen.storyboard */; };
		C88235A9297B8BBF00B28AE2 /* TweetViewModel.swift in Sources */ = {isa = PBXBuildFile; fileRef = C88235A8297B8BBF00B28AE2 /* TweetViewModel.swift */; };
		C88235AB297BA19D00B28AE2 /* ProfileController.swift in Sources */ = {isa = PBXBuildFile; fileRef = C88235AA297BA19C00B28AE2 /* ProfileController.swift */; };
		C8A1632A2973DB7C00DF473D /* LoginController.swift in Sources */ = {isa = PBXBuildFile; fileRef = C8A163292973DB7C00DF473D /* LoginController.swift */; };
		C8A1632C2973DC0400DF473D /* RegistrationController.swift in Sources */ = {isa = PBXBuildFile; fileRef = C8A1632B2973DC0400DF473D /* RegistrationController.swift */; };
		C8A1632F2973EAE400DF473D /* Utilities.swift in Sources */ = {isa = PBXBuildFile; fileRef = C8A1632E2973EAE400DF473D /* Utilities.swift */; };
		C8A163312974160100DF473D /* GoogleService-Info.plist in Resources */ = {isa = PBXBuildFile; fileRef = C8A163302974160100DF473D /* GoogleService-Info.plist */; };
		C8A70645297BBF3A00C75DDD /* ProfileHeader.swift in Sources */ = {isa = PBXBuildFile; fileRef = C8A70644297BBF3A00C75DDD /* ProfileHeader.swift */; };
		C8AA3F71298BB09D00211450 /* NotificationViewModel.swift in Sources */ = {isa = PBXBuildFile; fileRef = C8AA3F70298BB09D00211450 /* NotificationViewModel.swift */; };
		C8AE38022977A1E100B3F371 /* UserService.swift in Sources */ = {isa = PBXBuildFile; fileRef = C8AE38012977A1E100B3F371 /* UserService.swift */; };
		C8AE38042977C23E00B3F371 /* User.swift in Sources */ = {isa = PBXBuildFile; fileRef = C8AE38032977C23E00B3F371 /* User.swift */; };
		C8B47B3B298D281D00415ECA /* EditProfileContoller.swift in Sources */ = {isa = PBXBuildFile; fileRef = C8B47B3A298D281D00415ECA /* EditProfileContoller.swift */; };
		C8B47B3E298D370700415ECA /* EditProfileHeader.swift in Sources */ = {isa = PBXBuildFile; fileRef = C8B47B3D298D370700415ECA /* EditProfileHeader.swift */; };
		C8C5933A298662510084A6A5 /* ActionSheetLauncher.swift in Sources */ = {isa = PBXBuildFile; fileRef = C8C59339298662510084A6A5 /* ActionSheetLauncher.swift */; };
		C8C5933C298677AE0084A6A5 /* ActionSheetCell.swift in Sources */ = {isa = PBXBuildFile; fileRef = C8C5933B298677AE0084A6A5 /* ActionSheetCell.swift */; };
		C8C5933E2986816C0084A6A5 /* ActionSheetViewModel.swift in Sources */ = {isa = PBXBuildFile; fileRef = C8C5933D2986816C0084A6A5 /* ActionSheetViewModel.swift */; };
		C8DE270E29780DF40067A040 /* TweetService.swift in Sources */ = {isa = PBXBuildFile; fileRef = C8DE270D29780DF40067A040 /* TweetService.swift */; };
		C8DE27102978FFFB0067A040 /* Tweet.swift in Sources */ = {isa = PBXBuildFile; fileRef = C8DE270F2978FFFB0067A040 /* Tweet.swift */; };
		C8DE2712297914BE0067A040 /* TweetCell.swift in Sources */ = {isa = PBXBuildFile; fileRef = C8DE2711297914BD0067A040 /* TweetCell.swift */; };
		C8ECDC4D298D425B005FFECA /* EditProfileViewModel.swift in Sources */ = {isa = PBXBuildFile; fileRef = C8ECDC4C298D425B005FFECA /* EditProfileViewModel.swift */; };
		C8ECDC4F298D430E005FFECA /* EditProfileCell.swift in Sources */ = {isa = PBXBuildFile; fileRef = C8ECDC4E298D430E005FFECA /* EditProfileCell.swift */; };
		C8FDA0ED299226540042B7A4 /* EditProfileFooter.swift in Sources */ = {isa = PBXBuildFile; fileRef = C8FDA0EC299226540042B7A4 /* EditProfileFooter.swift */; };
		F84908AD8ACDAE48C07064F3 /* Pods_TwitterTutorial.framework in Frameworks */ = {isa = PBXBuildFile; fileRef = 1BC77A44EB38E3943F3E6698 /* Pods_TwitterTutorial.framework */; };
/* End PBXBuildFile section */

/* Begin PBXFileReference section */
		1BC77A44EB38E3943F3E6698 /* Pods_TwitterTutorial.framework */ = {isa = PBXFileReference; explicitFileType = wrapper.framework; includeInIndex = 0; path = Pods_TwitterTutorial.framework; sourceTree = BUILT_PRODUCTS_DIR; };
		3DE69346E0636186D7393FBE /* Pods-TwitterTutorial.release.xcconfig */ = {isa = PBXFileReference; includeInIndex = 1; lastKnownFileType = text.xcconfig; name = "Pods-TwitterTutorial.release.xcconfig"; path = "Target Support Files/Pods-TwitterTutorial/Pods-TwitterTutorial.release.xcconfig"; sourceTree = "<group>"; };
		7D645CAAFFAECF436CAD7AD3 /* Pods-TwitterTutorial.debug.xcconfig */ = {isa = PBXFileReference; includeInIndex = 1; lastKnownFileType = text.xcconfig; name = "Pods-TwitterTutorial.debug.xcconfig"; path = "Target Support Files/Pods-TwitterTutorial/Pods-TwitterTutorial.debug.xcconfig"; sourceTree = "<group>"; };
		C80D85EB2983C98100127757 /* UploadTweetViewModel.swift */ = {isa = PBXFileReference; lastKnownFileType = sourcecode.swift; path = UploadTweetViewModel.swift; sourceTree = "<group>"; };
		C81DF4D72977E32A00466F2C /* UploadTweetController.swift */ = {isa = PBXFileReference; lastKnownFileType = sourcecode.swift; path = UploadTweetController.swift; sourceTree = "<group>"; };
		C81DF4D92977FA6100466F2C /* InputTextView.swift */ = {isa = PBXFileReference; lastKnownFileType = sourcecode.swift; path = InputTextView.swift; sourceTree = "<group>"; };
		C826B6EC2976640200667813 /* Constants.swift */ = {isa = PBXFileReference; lastKnownFileType = sourcecode.swift; path = Constants.swift; sourceTree = "<group>"; };
		C826B6EE29767C8100667813 /* AuthService.swift */ = {isa = PBXFileReference; lastKnownFileType = sourcecode.swift; path = AuthService.swift; sourceTree = "<group>"; };
		C84F8D6C2980FF0B00935699 /* TweetController.swift */ = {isa = PBXFileReference; lastKnownFileType = sourcecode.swift; path = TweetController.swift; sourceTree = "<group>"; };
		C84F8D6E2981156A00935699 /* TweetHeader.swift */ = {isa = PBXFileReference; lastKnownFileType = sourcecode.swift; path = TweetHeader.swift; sourceTree = "<group>"; };
		C84FED4A298B67930092C397 /* Notification.swift */ = {isa = PBXFileReference; lastKnownFileType = sourcecode.swift; path = Notification.swift; sourceTree = "<group>"; };
		C84FED4C298B697C0092C397 /* NotificationService.swift */ = {isa = PBXFileReference; lastKnownFileType = sourcecode.swift; path = NotificationService.swift; sourceTree = "<group>"; };
		C84FED4E298BA2D00092C397 /* NotificationCell.swift */ = {isa = PBXFileReference; lastKnownFileType = sourcecode.swift; path = NotificationCell.swift; sourceTree = "<group>"; };
		C85020B82970CB7A0022ACF0 /* MainTabController.swift */ = {isa = PBXFileReference; lastKnownFileType = sourcecode.swift; path = MainTabController.swift; sourceTree = "<group>"; };
		C85020BA2970CD450022ACF0 /* FeedController.swift */ = {isa = PBXFileReference; lastKnownFileType = sourcecode.swift; path = FeedController.swift; sourceTree = "<group>"; };
		C85020BC2970CD880022ACF0 /* ExploreController.swift */ = {isa = PBXFileReference; lastKnownFileType = sourcecode.swift; path = ExploreController.swift; sourceTree = "<group>"; };
		C85020BE2970CD9A0022ACF0 /* NotificationsController.swift */ = {isa = PBXFileReference; lastKnownFileType = sourcecode.swift; path = NotificationsController.swift; sourceTree = "<group>"; };
		C85020C02970CDB00022ACF0 /* ConversationController.swift */ = {isa = PBXFileReference; lastKnownFileType = sourcecode.swift; path = ConversationController.swift; sourceTree = "<group>"; };
		C85C38CD297BD0A4007BFD90 /* ProfileFilterView.swift */ = {isa = PBXFileReference; lastKnownFileType = sourcecode.swift; path = ProfileFilterView.swift; sourceTree = "<group>"; };
		C85C38CF297BD2C0007BFD90 /* ProfileFilterCell.swift */ = {isa = PBXFileReference; lastKnownFileType = sourcecode.swift; path = ProfileFilterCell.swift; sourceTree = "<group>"; };
		C85C38D1297DFDF7007BFD90 /* ProfileHeaderViewModel.swift */ = {isa = PBXFileReference; lastKnownFileType = sourcecode.swift; path = ProfileHeaderViewModel.swift; sourceTree = "<group>"; };
		C85C38D3297E40E6007BFD90 /* UserCell.swift */ = {isa = PBXFileReference; lastKnownFileType = sourcecode.swift; path = UserCell.swift; sourceTree = "<group>"; };
		C86017AD29710D9800E9FBA1 /* Extensions.swift */ = {isa = PBXFileReference; lastKnownFileType = sourcecode.swift; path = Extensions.swift; sourceTree = "<group>"; };
		C87D21492970C62F006A4531 /* TwitterTutorial.app */ = {isa = PBXFileReference; explicitFileType = wrapper.application; includeInIndex = 0; path = TwitterTutorial.app; sourceTree = BUILT_PRODUCTS_DIR; };
		C87D214C2970C62F006A4531 /* AppDelegate.swift */ = {isa = PBXFileReference; lastKnownFileType = sourcecode.swift; path = AppDelegate.swift; sourceTree = "<group>"; };
		C87D214E2970C62F006A4531 /* SceneDelegate.swift */ = {isa = PBXFileReference; lastKnownFileType = sourcecode.swift; path = SceneDelegate.swift; sourceTree = "<group>"; };
		C87D21532970C62F006A4531 /* Base */ = {isa = PBXFileReference; lastKnownFileType = file.storyboard; name = Base; path = Base.lproj/Main.storyboard; sourceTree = "<group>"; };
		C87D21552970C630006A4531 /* Assets.xcassets */ = {isa = PBXFileReference; lastKnownFileType = folder.assetcatalog; path = Assets.xcassets; sourceTree = "<group>"; };
		C87D21582970C630006A4531 /* Base */ = {isa = PBXFileReference; lastKnownFileType = file.storyboard; name = Base; path = Base.lproj/LaunchScreen.storyboard; sourceTree = "<group>"; };
		C87D215A2970C630006A4531 /* Info.plist */ = {isa = PBXFileReference; lastKnownFileType = text.plist.xml; path = Info.plist; sourceTree = "<group>"; };
		C88235A8297B8BBF00B28AE2 /* TweetViewModel.swift */ = {isa = PBXFileReference; lastKnownFileType = sourcecode.swift; path = TweetViewModel.swift; sourceTree = "<group>"; };
		C88235AA297BA19C00B28AE2 /* ProfileController.swift */ = {isa = PBXFileReference; lastKnownFileType = sourcecode.swift; path = ProfileController.swift; sourceTree = "<group>"; };
		C8A163292973DB7C00DF473D /* LoginController.swift */ = {isa = PBXFileReference; lastKnownFileType = sourcecode.swift; path = LoginController.swift; sourceTree = "<group>"; };
		C8A1632B2973DC0400DF473D /* RegistrationController.swift */ = {isa = PBXFileReference; lastKnownFileType = sourcecode.swift; path = RegistrationController.swift; sourceTree = "<group>"; };
		C8A1632E2973EAE400DF473D /* Utilities.swift */ = {isa = PBXFileReference; lastKnownFileType = sourcecode.swift; path = Utilities.swift; sourceTree = "<group>"; };
		C8A163302974160100DF473D /* GoogleService-Info.plist */ = {isa = PBXFileReference; lastKnownFileType = text.plist; path = "GoogleService-Info.plist"; sourceTree = SOURCE_ROOT; };
		C8A70644297BBF3A00C75DDD /* ProfileHeader.swift */ = {isa = PBXFileReference; lastKnownFileType = sourcecode.swift; path = ProfileHeader.swift; sourceTree = "<group>"; };
		C8AA3F70298BB09D00211450 /* NotificationViewModel.swift */ = {isa = PBXFileReference; lastKnownFileType = sourcecode.swift; path = NotificationViewModel.swift; sourceTree = "<group>"; };
		C8AE38012977A1E100B3F371 /* UserService.swift */ = {isa = PBXFileReference; lastKnownFileType = sourcecode.swift; path = UserService.swift; sourceTree = "<group>"; };
		C8AE38032977C23E00B3F371 /* User.swift */ = {isa = PBXFileReference; lastKnownFileType = sourcecode.swift; path = User.swift; sourceTree = "<group>"; };
		C8B47B3A298D281D00415ECA /* EditProfileContoller.swift */ = {isa = PBXFileReference; lastKnownFileType = sourcecode.swift; path = EditProfileContoller.swift; sourceTree = "<group>"; };
		C8B47B3D298D370700415ECA /* EditProfileHeader.swift */ = {isa = PBXFileReference; lastKnownFileType = sourcecode.swift; path = EditProfileHeader.swift; sourceTree = "<group>"; };
		C8C59339298662510084A6A5 /* ActionSheetLauncher.swift */ = {isa = PBXFileReference; lastKnownFileType = sourcecode.swift; path = ActionSheetLauncher.swift; sourceTree = "<group>"; };
		C8C5933B298677AE0084A6A5 /* ActionSheetCell.swift */ = {isa = PBXFileReference; lastKnownFileType = sourcecode.swift; path = ActionSheetCell.swift; sourceTree = "<group>"; };
		C8C5933D2986816C0084A6A5 /* ActionSheetViewModel.swift */ = {isa = PBXFileReference; lastKnownFileType = sourcecode.swift; path = ActionSheetViewModel.swift; sourceTree = "<group>"; };
		C8DE270D29780DF40067A040 /* TweetService.swift */ = {isa = PBXFileReference; lastKnownFileType = sourcecode.swift; path = TweetService.swift; sourceTree = "<group>"; };
		C8DE270F2978FFFB0067A040 /* Tweet.swift */ = {isa = PBXFileReference; lastKnownFileType = sourcecode.swift; path = Tweet.swift; sourceTree = "<group>"; };
		C8DE2711297914BD0067A040 /* TweetCell.swift */ = {isa = PBXFileReference; lastKnownFileType = sourcecode.swift; path = TweetCell.swift; sourceTree = "<group>"; };
		C8ECDC4C298D425B005FFECA /* EditProfileViewModel.swift */ = {isa = PBXFileReference; lastKnownFileType = sourcecode.swift; path = EditProfileViewModel.swift; sourceTree = "<group>"; };
		C8ECDC4E298D430E005FFECA /* EditProfileCell.swift */ = {isa = PBXFileReference; lastKnownFileType = sourcecode.swift; path = EditProfileCell.swift; sourceTree = "<group>"; };
		C8FDA0EC299226540042B7A4 /* EditProfileFooter.swift */ = {isa = PBXFileReference; lastKnownFileType = sourcecode.swift; path = EditProfileFooter.swift; sourceTree = "<group>"; };
/* End PBXFileReference section */

/* Begin PBXFrameworksBuildPhase section */
		C87D21462970C62F006A4531 /* Frameworks */ = {
			isa = PBXFrameworksBuildPhase;
			buildActionMask = 2147483647;
			files = (
				F84908AD8ACDAE48C07064F3 /* Pods_TwitterTutorial.framework in Frameworks */,
			);
			runOnlyForDeploymentPostprocessing = 0;
		};
/* End PBXFrameworksBuildPhase section */

/* Begin PBXGroup section */
		0C3F94DF2C22AD703FC697E1 /* Pods */ = {
			isa = PBXGroup;
			children = (
				7D645CAAFFAECF436CAD7AD3 /* Pods-TwitterTutorial.debug.xcconfig */,
				3DE69346E0636186D7393FBE /* Pods-TwitterTutorial.release.xcconfig */,
			);
			path = Pods;
			sourceTree = "<group>";
		};
		C86017AC29710D8C00E9FBA1 /* Utilities */ = {
			isa = PBXGroup;
			children = (
				C86017AD29710D9800E9FBA1 /* Extensions.swift */,
				C8A1632E2973EAE400DF473D /* Utilities.swift */,
				C826B6EC2976640200667813 /* Constants.swift */,
				C8C59339298662510084A6A5 /* ActionSheetLauncher.swift */,
			);
			path = Utilities;
			sourceTree = "<group>";
		};
		C87D21402970C62F006A4531 = {
			isa = PBXGroup;
			children = (
				C87D214B2970C62F006A4531 /* TwitterTutorial */,
				C87D214A2970C62F006A4531 /* Products */,
				0C3F94DF2C22AD703FC697E1 /* Pods */,
				FC4BB3629144F9C65B51569D /* Frameworks */,
			);
			sourceTree = "<group>";
		};
		C87D214A2970C62F006A4531 /* Products */ = {
			isa = PBXGroup;
			children = (
				C87D21492970C62F006A4531 /* TwitterTutorial.app */,
			);
			name = Products;
			sourceTree = "<group>";
		};
		C87D214B2970C62F006A4531 /* TwitterTutorial */ = {
			isa = PBXGroup;
			children = (
				C87D214C2970C62F006A4531 /* AppDelegate.swift */,
				C87D214E2970C62F006A4531 /* SceneDelegate.swift */,
				C87D21602970C77C006A4531 /* Model */,
				C87D21612970C798006A4531 /* View */,
				C88235A7297B8BA500B28AE2 /* ViewModel */,
				C87D21632970C7AA006A4531 /* Controllers */,
				C87D21642970C7AE006A4531 /* API */,
				C86017AC29710D8C00E9FBA1 /* Utilities */,
				C87D21522970C62F006A4531 /* Main.storyboard */,
				C87D21552970C630006A4531 /* Assets.xcassets */,
				C87D21572970C630006A4531 /* LaunchScreen.storyboard */,
				C87D215A2970C630006A4531 /* Info.plist */,
				C8A163302974160100DF473D /* GoogleService-Info.plist */,
			);
			path = TwitterTutorial;
			sourceTree = "<group>";
		};
		C87D21602970C77C006A4531 /* Model */ = {
			isa = PBXGroup;
			children = (
				C8AE38032977C23E00B3F371 /* User.swift */,
				C8DE270F2978FFFB0067A040 /* Tweet.swift */,
				C84FED4A298B67930092C397 /* Notification.swift */,
			);
			path = Model;
			sourceTree = "<group>";
		};
		C87D21612970C798006A4531 /* View */ = {
			isa = PBXGroup;
			children = (
				C8B47B3C298D36EE00415ECA /* Profile */,
				C81DF4D92977FA6100466F2C /* InputTextView.swift */,
				C8DE2711297914BD0067A040 /* TweetCell.swift */,
				C85C38D3297E40E6007BFD90 /* UserCell.swift */,
				C84F8D6E2981156A00935699 /* TweetHeader.swift */,
				C8C5933B298677AE0084A6A5 /* ActionSheetCell.swift */,
				C84FED4E298BA2D00092C397 /* NotificationCell.swift */,
			);
			path = View;
			sourceTree = "<group>";
		};
		C87D21632970C7AA006A4531 /* Controllers */ = {
			isa = PBXGroup;
			children = (
				C8A1632D2973DD4F00DF473D /* Authentication */,
				C85020B82970CB7A0022ACF0 /* MainTabController.swift */,
				C85020BA2970CD450022ACF0 /* FeedController.swift */,
				C85020BC2970CD880022ACF0 /* ExploreController.swift */,
				C85020BE2970CD9A0022ACF0 /* NotificationsController.swift */,
				C85020C02970CDB00022ACF0 /* ConversationController.swift */,
				C81DF4D72977E32A00466F2C /* UploadTweetController.swift */,
				C88235AA297BA19C00B28AE2 /* ProfileController.swift */,
				C84F8D6C2980FF0B00935699 /* TweetController.swift */,
				C8B47B3A298D281D00415ECA /* EditProfileContoller.swift */,
			);
			path = Controllers;
			sourceTree = "<group>";
		};
		C87D21642970C7AE006A4531 /* API */ = {
			isa = PBXGroup;
			children = (
				C826B6EE29767C8100667813 /* AuthService.swift */,
				C8AE38012977A1E100B3F371 /* UserService.swift */,
				C8DE270D29780DF40067A040 /* TweetService.swift */,
				C84FED4C298B697C0092C397 /* NotificationService.swift */,
			);
			path = API;
			sourceTree = "<group>";
		};
		C88235A7297B8BA500B28AE2 /* ViewModel */ = {
			isa = PBXGroup;
			children = (
				C88235A8297B8BBF00B28AE2 /* TweetViewModel.swift */,
				C85C38D1297DFDF7007BFD90 /* ProfileHeaderViewModel.swift */,
				C80D85EB2983C98100127757 /* UploadTweetViewModel.swift */,
				C8C5933D2986816C0084A6A5 /* ActionSheetViewModel.swift */,
				C8AA3F70298BB09D00211450 /* NotificationViewModel.swift */,
				C8ECDC4C298D425B005FFECA /* EditProfileViewModel.swift */,
			);
			path = ViewModel;
			sourceTree = "<group>";
		};
		C8A1632D2973DD4F00DF473D /* Authentication */ = {
			isa = PBXGroup;
			children = (
				C8A163292973DB7C00DF473D /* LoginController.swift */,
				C8A1632B2973DC0400DF473D /* RegistrationController.swift */,
			);
			path = Authentication;
			sourceTree = "<group>";
		};
		C8B47B3C298D36EE00415ECA /* Profile */ = {
			isa = PBXGroup;
			children = (
				C8A70644297BBF3A00C75DDD /* ProfileHeader.swift */,
				C85C38CD297BD0A4007BFD90 /* ProfileFilterView.swift */,
				C85C38CF297BD2C0007BFD90 /* ProfileFilterCell.swift */,
				C8B47B3D298D370700415ECA /* EditProfileHeader.swift */,
				C8ECDC4E298D430E005FFECA /* EditProfileCell.swift */,
				C8FDA0EC299226540042B7A4 /* EditProfileFooter.swift */,
			);
			path = Profile;
			sourceTree = "<group>";
		};
		FC4BB3629144F9C65B51569D /* Frameworks */ = {
			isa = PBXGroup;
			children = (
				1BC77A44EB38E3943F3E6698 /* Pods_TwitterTutorial.framework */,
			);
			name = Frameworks;
			sourceTree = "<group>";
		};
/* End PBXGroup section */

/* Begin PBXNativeTarget section */
		C87D21482970C62F006A4531 /* TwitterTutorial */ = {
			isa = PBXNativeTarget;
			buildConfigurationList = C87D215D2970C630006A4531 /* Build configuration list for PBXNativeTarget "TwitterTutorial" */;
			buildPhases = (
				500C77E08659B8D93EEAE7A8 /* [CP] Check Pods Manifest.lock */,
				C87D21452970C62F006A4531 /* Sources */,
				C87D21462970C62F006A4531 /* Frameworks */,
				C87D21472970C62F006A4531 /* Resources */,
				AF7DCCFE1566D2DAD7079787 /* [CP] Embed Pods Frameworks */,
			);
			buildRules = (
			);
			dependencies = (
			);
			name = TwitterTutorial;
			productName = TwitterTutorial;
			productReference = C87D21492970C62F006A4531 /* TwitterTutorial.app */;
			productType = "com.apple.product-type.application";
		};
/* End PBXNativeTarget section */

/* Begin PBXProject section */
		C87D21412970C62F006A4531 /* Project object */ = {
			isa = PBXProject;
			attributes = {
				BuildIndependentTargetsInParallel = 1;
				LastSwiftUpdateCheck = 1400;
				LastUpgradeCheck = 1400;
				TargetAttributes = {
					C87D21482970C62F006A4531 = {
						CreatedOnToolsVersion = 14.0.1;
					};
				};
			};
			buildConfigurationList = C87D21442970C62F006A4531 /* Build configuration list for PBXProject "TwitterTutorial" */;
			compatibilityVersion = "Xcode 14.0";
			developmentRegion = en;
			hasScannedForEncodings = 0;
			knownRegions = (
				en,
				Base,
			);
			mainGroup = C87D21402970C62F006A4531;
			productRefGroup = C87D214A2970C62F006A4531 /* Products */;
			projectDirPath = "";
			projectRoot = "";
			targets = (
				C87D21482970C62F006A4531 /* TwitterTutorial */,
			);
		};
/* End PBXProject section */

/* Begin PBXResourcesBuildPhase section */
		C87D21472970C62F006A4531 /* Resources */ = {
			isa = PBXResourcesBuildPhase;
			buildActionMask = 2147483647;
			files = (
				C87D21592970C630006A4531 /* LaunchScreen.storyboard in Resources */,
				C8A163312974160100DF473D /* GoogleService-Info.plist in Resources */,
				C87D21562970C630006A4531 /* Assets.xcassets in Resources */,
				C87D21542970C62F006A4531 /* Main.storyboard in Resources */,
			);
			runOnlyForDeploymentPostprocessing = 0;
		};
/* End PBXResourcesBuildPhase section */

/* Begin PBXShellScriptBuildPhase section */
		500C77E08659B8D93EEAE7A8 /* [CP] Check Pods Manifest.lock */ = {
			isa = PBXShellScriptBuildPhase;
			buildActionMask = 2147483647;
			files = (
			);
			inputFileListPaths = (
			);
			inputPaths = (
				"${PODS_PODFILE_DIR_PATH}/Podfile.lock",
				"${PODS_ROOT}/Manifest.lock",
			);
			name = "[CP] Check Pods Manifest.lock";
			outputFileListPaths = (
			);
			outputPaths = (
				"$(DERIVED_FILE_DIR)/Pods-TwitterTutorial-checkManifestLockResult.txt",
			);
			runOnlyForDeploymentPostprocessing = 0;
			shellPath = /bin/sh;
			shellScript = "diff \"${PODS_PODFILE_DIR_PATH}/Podfile.lock\" \"${PODS_ROOT}/Manifest.lock\" > /dev/null\nif [ $? != 0 ] ; then\n    # print error to STDERR\n    echo \"error: The sandbox is not in sync with the Podfile.lock. Run 'pod install' or update your CocoaPods installation.\" >&2\n    exit 1\nfi\n# This output is used by Xcode 'outputs' to avoid re-running this script phase.\necho \"SUCCESS\" > \"${SCRIPT_OUTPUT_FILE_0}\"\n";
			showEnvVarsInLog = 0;
		};
		AF7DCCFE1566D2DAD7079787 /* [CP] Embed Pods Frameworks */ = {
			isa = PBXShellScriptBuildPhase;
			buildActionMask = 2147483647;
			files = (
			);
			inputFileListPaths = (
				"${PODS_ROOT}/Target Support Files/Pods-TwitterTutorial/Pods-TwitterTutorial-frameworks-${CONFIGURATION}-input-files.xcfilelist",
			);
			name = "[CP] Embed Pods Frameworks";
			outputFileListPaths = (
				"${PODS_ROOT}/Target Support Files/Pods-TwitterTutorial/Pods-TwitterTutorial-frameworks-${CONFIGURATION}-output-files.xcfilelist",
			);
			runOnlyForDeploymentPostprocessing = 0;
			shellPath = /bin/sh;
			shellScript = "\"${PODS_ROOT}/Target Support Files/Pods-TwitterTutorial/Pods-TwitterTutorial-frameworks.sh\"\n";
			showEnvVarsInLog = 0;
		};
/* End PBXShellScriptBuildPhase section */

/* Begin PBXSourcesBuildPhase section */
		C87D21452970C62F006A4531 /* Sources */ = {
			isa = PBXSourcesBuildPhase;
			buildActionMask = 2147483647;
			files = (
				C8AE38022977A1E100B3F371 /* UserService.swift in Sources */,
				C85020BF2970CD9A0022ACF0 /* NotificationsController.swift in Sources */,
				C81DF4DA2977FA6100466F2C /* InputTextView.swift in Sources */,
				C85C38D0297BD2C0007BFD90 /* ProfileFilterCell.swift in Sources */,
				C87D214D2970C62F006A4531 /* AppDelegate.swift in Sources */,
				C85C38D4297E40E6007BFD90 /* UserCell.swift in Sources */,
				C8A1632C2973DC0400DF473D /* RegistrationController.swift in Sources */,
				C84FED4D298B697C0092C397 /* NotificationService.swift in Sources */,
				C8C5933C298677AE0084A6A5 /* ActionSheetCell.swift in Sources */,
				C8AA3F71298BB09D00211450 /* NotificationViewModel.swift in Sources */,
				C85020BD2970CD880022ACF0 /* ExploreController.swift in Sources */,
				C8A1632F2973EAE400DF473D /* Utilities.swift in Sources */,
				C84F8D6D2980FF0B00935699 /* TweetController.swift in Sources */,
				C88235AB297BA19D00B28AE2 /* ProfileController.swift in Sources */,
				C80D85EC2983C98100127757 /* UploadTweetViewModel.swift in Sources */,
				C8A70645297BBF3A00C75DDD /* ProfileHeader.swift in Sources */,
				C8ECDC4F298D430E005FFECA /* EditProfileCell.swift in Sources */,
				C8DE2712297914BE0067A040 /* TweetCell.swift in Sources */,
				C86017AE29710D9800E9FBA1 /* Extensions.swift in Sources */,
				C84FED4B298B67930092C397 /* Notification.swift in Sources */,
				C826B6EF29767C8100667813 /* AuthService.swift in Sources */,
				C85C38D2297DFDF7007BFD90 /* ProfileHeaderViewModel.swift in Sources */,
				C81DF4D82977E32A00466F2C /* UploadTweetController.swift in Sources */,
				C8AE38042977C23E00B3F371 /* User.swift in Sources */,
				C8B47B3E298D370700415ECA /* EditProfileHeader.swift in Sources */,
				C8A1632A2973DB7C00DF473D /* LoginController.swift in Sources */,
				C87D214F2970C62F006A4531 /* SceneDelegate.swift in Sources */,
				C85020B92970CB7A0022ACF0 /* MainTabController.swift in Sources */,
				C84F8D6F2981156A00935699 /* TweetHeader.swift in Sources */,
				C88235A9297B8BBF00B28AE2 /* TweetViewModel.swift in Sources */,
				C8C5933E2986816C0084A6A5 /* ActionSheetViewModel.swift in Sources */,
				C84FED4F298BA2D00092C397 /* NotificationCell.swift in Sources */,
				C85020C12970CDB00022ACF0 /* ConversationController.swift in Sources */,
				C8ECDC4D298D425B005FFECA /* EditProfileViewModel.swift in Sources */,
				C8FDA0ED299226540042B7A4 /* EditProfileFooter.swift in Sources */,
				C85020BB2970CD450022ACF0 /* FeedController.swift in Sources */,
				C85C38CE297BD0A4007BFD90 /* ProfileFilterView.swift in Sources */,
				C826B6ED2976640200667813 /* Constants.swift in Sources */,
				C8C5933A298662510084A6A5 /* ActionSheetLauncher.swift in Sources */,
				C8DE27102978FFFB0067A040 /* Tweet.swift in Sources */,
				C8B47B3B298D281D00415ECA /* EditProfileContoller.swift in Sources */,
				C8DE270E29780DF40067A040 /* TweetService.swift in Sources */,
			);
			runOnlyForDeploymentPostprocessing = 0;
		};
/* End PBXSourcesBuildPhase section */

/* Begin PBXVariantGroup section */
		C87D21522970C62F006A4531 /* Main.storyboard */ = {
			isa = PBXVariantGroup;
			children = (
				C87D21532970C62F006A4531 /* Base */,
			);
			name = Main.storyboard;
			sourceTree = "<group>";
		};
		C87D21572970C630006A4531 /* LaunchScreen.storyboard */ = {
			isa = PBXVariantGroup;
			children = (
				C87D21582970C630006A4531 /* Base */,
			);
			name = LaunchScreen.storyboard;
			sourceTree = "<group>";
		};
/* End PBXVariantGroup section */

/* Begin XCBuildConfiguration section */
		C87D215B2970C630006A4531 /* Debug */ = {
			isa = XCBuildConfiguration;
			buildSettings = {
				ALWAYS_SEARCH_USER_PATHS = NO;
				CLANG_ANALYZER_NONNULL = YES;
				CLANG_ANALYZER_NUMBER_OBJECT_CONVERSION = YES_AGGRESSIVE;
				CLANG_CXX_LANGUAGE_STANDARD = "gnu++20";
				CLANG_ENABLE_MODULES = YES;
				CLANG_ENABLE_OBJC_ARC = YES;
				CLANG_ENABLE_OBJC_WEAK = YES;
				CLANG_WARN_BLOCK_CAPTURE_AUTORELEASING = YES;
				CLANG_WARN_BOOL_CONVERSION = YES;
				CLANG_WARN_COMMA = YES;
				CLANG_WARN_CONSTANT_CONVERSION = YES;
				CLANG_WARN_DEPRECATED_OBJC_IMPLEMENTATIONS = YES;
				CLANG_WARN_DIRECT_OBJC_ISA_USAGE = YES_ERROR;
				CLANG_WARN_DOCUMENTATION_COMMENTS = YES;
				CLANG_WARN_EMPTY_BODY = YES;
				CLANG_WARN_ENUM_CONVERSION = YES;
				CLANG_WARN_INFINITE_RECURSION = YES;
				CLANG_WARN_INT_CONVERSION = YES;
				CLANG_WARN_NON_LITERAL_NULL_CONVERSION = YES;
				CLANG_WARN_OBJC_IMPLICIT_RETAIN_SELF = YES;
				CLANG_WARN_OBJC_LITERAL_CONVERSION = YES;
				CLANG_WARN_OBJC_ROOT_CLASS = YES_ERROR;
				CLANG_WARN_QUOTED_INCLUDE_IN_FRAMEWORK_HEADER = YES;
				CLANG_WARN_RANGE_LOOP_ANALYSIS = YES;
				CLANG_WARN_STRICT_PROTOTYPES = YES;
				CLANG_WARN_SUSPICIOUS_MOVE = YES;
				CLANG_WARN_UNGUARDED_AVAILABILITY = YES_AGGRESSIVE;
				CLANG_WARN_UNREACHABLE_CODE = YES;
				CLANG_WARN__DUPLICATE_METHOD_MATCH = YES;
				COPY_PHASE_STRIP = NO;
				DEBUG_INFORMATION_FORMAT = dwarf;
				ENABLE_STRICT_OBJC_MSGSEND = YES;
				ENABLE_TESTABILITY = YES;
				GCC_C_LANGUAGE_STANDARD = gnu11;
				GCC_DYNAMIC_NO_PIC = NO;
				GCC_NO_COMMON_BLOCKS = YES;
				GCC_OPTIMIZATION_LEVEL = 0;
				GCC_PREPROCESSOR_DEFINITIONS = (
					"DEBUG=1",
					"$(inherited)",
				);
				GCC_WARN_64_TO_32_BIT_CONVERSION = YES;
				GCC_WARN_ABOUT_RETURN_TYPE = YES_ERROR;
				GCC_WARN_UNDECLARED_SELECTOR = YES;
				GCC_WARN_UNINITIALIZED_AUTOS = YES_AGGRESSIVE;
				GCC_WARN_UNUSED_FUNCTION = YES;
				GCC_WARN_UNUSED_VARIABLE = YES;
				IPHONEOS_DEPLOYMENT_TARGET = 16.0;
				MTL_ENABLE_DEBUG_INFO = INCLUDE_SOURCE;
				MTL_FAST_MATH = YES;
				ONLY_ACTIVE_ARCH = YES;
				SDKROOT = iphoneos;
				SWIFT_ACTIVE_COMPILATION_CONDITIONS = DEBUG;
				SWIFT_OPTIMIZATION_LEVEL = "-Onone";
			};
			name = Debug;
		};
		C87D215C2970C630006A4531 /* Release */ = {
			isa = XCBuildConfiguration;
			buildSettings = {
				ALWAYS_SEARCH_USER_PATHS = NO;
				CLANG_ANALYZER_NONNULL = YES;
				CLANG_ANALYZER_NUMBER_OBJECT_CONVERSION = YES_AGGRESSIVE;
				CLANG_CXX_LANGUAGE_STANDARD = "gnu++20";
				CLANG_ENABLE_MODULES = YES;
				CLANG_ENABLE_OBJC_ARC = YES;
				CLANG_ENABLE_OBJC_WEAK = YES;
				CLANG_WARN_BLOCK_CAPTURE_AUTORELEASING = YES;
				CLANG_WARN_BOOL_CONVERSION = YES;
				CLANG_WARN_COMMA = YES;
				CLANG_WARN_CONSTANT_CONVERSION = YES;
				CLANG_WARN_DEPRECATED_OBJC_IMPLEMENTATIONS = YES;
				CLANG_WARN_DIRECT_OBJC_ISA_USAGE = YES_ERROR;
				CLANG_WARN_DOCUMENTATION_COMMENTS = YES;
				CLANG_WARN_EMPTY_BODY = YES;
				CLANG_WARN_ENUM_CONVERSION = YES;
				CLANG_WARN_INFINITE_RECURSION = YES;
				CLANG_WARN_INT_CONVERSION = YES;
				CLANG_WARN_NON_LITERAL_NULL_CONVERSION = YES;
				CLANG_WARN_OBJC_IMPLICIT_RETAIN_SELF = YES;
				CLANG_WARN_OBJC_LITERAL_CONVERSION = YES;
				CLANG_WARN_OBJC_ROOT_CLASS = YES_ERROR;
				CLANG_WARN_QUOTED_INCLUDE_IN_FRAMEWORK_HEADER = YES;
				CLANG_WARN_RANGE_LOOP_ANALYSIS = YES;
				CLANG_WARN_STRICT_PROTOTYPES = YES;
				CLANG_WARN_SUSPICIOUS_MOVE = YES;
				CLANG_WARN_UNGUARDED_AVAILABILITY = YES_AGGRESSIVE;
				CLANG_WARN_UNREACHABLE_CODE = YES;
				CLANG_WARN__DUPLICATE_METHOD_MATCH = YES;
				COPY_PHASE_STRIP = NO;
				DEBUG_INFORMATION_FORMAT = "dwarf-with-dsym";
				ENABLE_NS_ASSERTIONS = NO;
				ENABLE_STRICT_OBJC_MSGSEND = YES;
				GCC_C_LANGUAGE_STANDARD = gnu11;
				GCC_NO_COMMON_BLOCKS = YES;
				GCC_WARN_64_TO_32_BIT_CONVERSION = YES;
				GCC_WARN_ABOUT_RETURN_TYPE = YES_ERROR;
				GCC_WARN_UNDECLARED_SELECTOR = YES;
				GCC_WARN_UNINITIALIZED_AUTOS = YES_AGGRESSIVE;
				GCC_WARN_UNUSED_FUNCTION = YES;
				GCC_WARN_UNUSED_VARIABLE = YES;
				IPHONEOS_DEPLOYMENT_TARGET = 16.0;
				MTL_ENABLE_DEBUG_INFO = NO;
				MTL_FAST_MATH = YES;
				SDKROOT = iphoneos;
				SWIFT_COMPILATION_MODE = wholemodule;
				SWIFT_OPTIMIZATION_LEVEL = "-O";
				VALIDATE_PRODUCT = YES;
			};
			name = Release;
		};
		C87D215E2970C630006A4531 /* Debug */ = {
			isa = XCBuildConfiguration;
			baseConfigurationReference = 7D645CAAFFAECF436CAD7AD3 /* Pods-TwitterTutorial.debug.xcconfig */;
			buildSettings = {
				ASSETCATALOG_COMPILER_APPICON_NAME = AppIcon;
				ASSETCATALOG_COMPILER_GLOBAL_ACCENT_COLOR_NAME = AccentColor;
				CODE_SIGN_STYLE = Automatic;
				CURRENT_PROJECT_VERSION = 1;
				DEVELOPMENT_TEAM = C52UTF3KCV;
				GENERATE_INFOPLIST_FILE = YES;
				INFOPLIST_FILE = TwitterTutorial/Info.plist;
				INFOPLIST_KEY_UIApplicationSupportsIndirectInputEvents = YES;
				INFOPLIST_KEY_UILaunchStoryboardName = LaunchScreen;
				INFOPLIST_KEY_UIMainStoryboardFile = Main;
				INFOPLIST_KEY_UISupportedInterfaceOrientations_iPad = "UIInterfaceOrientationPortrait UIInterfaceOrientationPortraitUpsideDown UIInterfaceOrientationLandscapeLeft UIInterfaceOrientationLandscapeRight";
				INFOPLIST_KEY_UISupportedInterfaceOrientations_iPhone = "UIInterfaceOrientationPortrait UIInterfaceOrientationLandscapeLeft UIInterfaceOrientationLandscapeRight";
				LD_RUNPATH_SEARCH_PATHS = (
					"$(inherited)",
					"@executable_path/Frameworks",
				);
				MARKETING_VERSION = 1.0;
				PRODUCT_BUNDLE_IDENTIFIER = com.jessicaKoh.TwitterTutorial;
				PRODUCT_NAME = "$(TARGET_NAME)";
				SWIFT_EMIT_LOC_STRINGS = YES;
				SWIFT_VERSION = 5.0;
				TARGETED_DEVICE_FAMILY = "1,2";
			};
			name = Debug;
		};
		C87D215F2970C630006A4531 /* Release */ = {
			isa = XCBuildConfiguration;
			baseConfigurationReference = 3DE69346E0636186D7393FBE /* Pods-TwitterTutorial.release.xcconfig */;
			buildSettings = {
				ASSETCATALOG_COMPILER_APPICON_NAME = AppIcon;
				ASSETCATALOG_COMPILER_GLOBAL_ACCENT_COLOR_NAME = AccentColor;
				CODE_SIGN_STYLE = Automatic;
				CURRENT_PROJECT_VERSION = 1;
				DEVELOPMENT_TEAM = C52UTF3KCV;
				GENERATE_INFOPLIST_FILE = YES;
				INFOPLIST_FILE = TwitterTutorial/Info.plist;
				INFOPLIST_KEY_UIApplicationSupportsIndirectInputEvents = YES;
				INFOPLIST_KEY_UILaunchStoryboardName = LaunchScreen;
				INFOPLIST_KEY_UIMainStoryboardFile = Main;
				INFOPLIST_KEY_UISupportedInterfaceOrientations_iPad = "UIInterfaceOrientationPortrait UIInterfaceOrientationPortraitUpsideDown UIInterfaceOrientationLandscapeLeft UIInterfaceOrientationLandscapeRight";
				INFOPLIST_KEY_UISupportedInterfaceOrientations_iPhone = "UIInterfaceOrientationPortrait UIInterfaceOrientationLandscapeLeft UIInterfaceOrientationLandscapeRight";
				LD_RUNPATH_SEARCH_PATHS = (
					"$(inherited)",
					"@executable_path/Frameworks",
				);
				MARKETING_VERSION = 1.0;
				PRODUCT_BUNDLE_IDENTIFIER = com.jessicaKoh.TwitterTutorial;
				PRODUCT_NAME = "$(TARGET_NAME)";
				SWIFT_EMIT_LOC_STRINGS = YES;
				SWIFT_VERSION = 5.0;
				TARGETED_DEVICE_FAMILY = "1,2";
			};
			name = Release;
		};
/* End XCBuildConfiguration section */

/* Begin XCConfigurationList section */
		C87D21442970C62F006A4531 /* Build configuration list for PBXProject "TwitterTutorial" */ = {
			isa = XCConfigurationList;
			buildConfigurations = (
				C87D215B2970C630006A4531 /* Debug */,
				C87D215C2970C630006A4531 /* Release */,
			);
			defaultConfigurationIsVisible = 0;
			defaultConfigurationName = Release;
		};
		C87D215D2970C630006A4531 /* Build configuration list for PBXNativeTarget "TwitterTutorial" */ = {
			isa = XCConfigurationList;
			buildConfigurations = (
				C87D215E2970C630006A4531 /* Debug */,
				C87D215F2970C630006A4531 /* Release */,
			);
			defaultConfigurationIsVisible = 0;
			defaultConfigurationName = Release;
		};
/* End XCConfigurationList section */
	};
	rootObject = C87D21412970C62F006A4531 /* Project object */;
}
